
Microsoft Visual Studio Solution File, Format Version 12.00
# Visual Studio 15
VisualStudioVersion = 15.0.26430.16
MinimumVisualStudioVersion = 10.0.40219.1
Project("{FAE04EC0-301F-11D3-BF4B-00C04F79EFBC}") = "Logic", "Logic\Logic.csproj", "{76B126D3-719A-4036-9C76-72966EC50EFF}"
EndProject
Project("{FAE04EC0-301F-11D3-BF4B-00C04F79EFBC}") = "ConsoleApp", "ConsoleApp\ConsoleApp.csproj", "{4917F5E3-263F-49F9-A89E-ED13303F4E31}"
EndProject
Global
	GlobalSection(SolutionConfigurationPlatforms) = preSolution
		Debug|Any CPU = Debug|Any CPU
		Release|Any CPU = Release|Any CPU
	EndGlobalSection
	GlobalSection(ProjectConfigurationPlatforms) = postSolution
		{76B126D3-719A-4036-9C76-72966EC50EFF}.Debug|Any CPU.ActiveCfg = Debug|Any CPU
		{76B126D3-719A-4036-9C76-72966EC50EFF}.Debug|Any CPU.Build.0 = Debug|Any CPU
		{76B126D3-719A-4036-9C76-72966EC50EFF}.Release|Any CPU.ActiveCfg = Release|Any CPU
		{76B126D3-719A-4036-9C76-72966EC50EFF}.Release|Any CPU.Build.0 = Release|Any CPU
		{4917F5E3-263F-49F9-A89E-ED13303F4E31}.Debug|Any CPU.ActiveCfg = Debug|Any CPU
		{4917F5E3-263F-49F9-A89E-ED13303F4E31}.Debug|Any CPU.Build.0 = Debug|Any CPU
		{4917F5E3-263F-49F9-A89E-ED13303F4E31}.Release|Any CPU.ActiveCfg = Release|Any CPU
		{4917F5E3-263F-49F9-A89E-ED13303F4E31}.Release|Any CPU.Build.0 = Release|Any CPU
	EndGlobalSection
	GlobalSection(SolutionProperties) = preSolution
		HideSolutionNode = FALSE
	EndGlobalSection
EndGlobal
